
Microsoft Visual Studio Solution File, Format Version 12.00
# Visual Studio Version 16
VisualStudioVersion = 16.0.29613.14
MinimumVisualStudioVersion = 10.0.40219.1
Project("{FAE04EC0-301F-11D3-BF4B-00C04F79EFBC}") = "OODP Factory", "OODP Factory.csproj", "{3A3CB479-A54D-4AF7-907A-511AEF0D9522}"
EndProject
Global
	GlobalSection(SolutionConfigurationPlatforms) = preSolution
		Debug|Any CPU = Debug|Any CPU
		Release|Any CPU = Release|Any CPU
	EndGlobalSection
	GlobalSection(ProjectConfigurationPlatforms) = postSolution
		{3A3CB479-A54D-4AF7-907A-511AEF0D9522}.Debug|Any CPU.ActiveCfg = Debug|Any CPU
		{3A3CB479-A54D-4AF7-907A-511AEF0D9522}.Debug|Any CPU.Build.0 = Debug|Any CPU
		{3A3CB479-A54D-4AF7-907A-511AEF0D9522}.Release|Any CPU.ActiveCfg = Release|Any CPU
		{3A3CB479-A54D-4AF7-907A-511AEF0D9522}.Release|Any CPU.Build.0 = Release|Any CPU
	EndGlobalSection
	GlobalSection(SolutionProperties) = preSolution
		HideSolutionNode = FALSE
	EndGlobalSection
	GlobalSection(ExtensibilityGlobals) = postSolution
		SolutionGuid = {3A1E234E-559C-4756-A167-4E3BB48F4C80}
	EndGlobalSection
EndGlobal
